
Microsoft Visual Studio Solution File, Format Version 12.00
# Visual Studio Version 17
VisualStudioVersion = 17.3.32922.545
MinimumVisualStudioVersion = 10.0.40219.1
Project("{9A19103F-16F7-4668-BE54-9A1E7A4F7556}") = "APIConnect", "TestForLogin\APIConnect.csproj", "{7AFDAE8C-BDDF-4F90-BA69-571A3A5534F8}"
EndProject
Project("{9A19103F-16F7-4668-BE54-9A1E7A4F7556}") = "DefautWebApp", "DefautWebApp\DefautWebApp.csproj", "{7BE8413F-6153-41AC-8379-2E409C71EC67}"
EndProject
Project("{9A19103F-16F7-4668-BE54-9A1E7A4F7556}") = "BusinessObject", "BusinessObject\BusinessObject.csproj", "{8299CCA5-7D4F-4D27-BF00-CC2AC5DEB191}"
EndProject
Project("{9A19103F-16F7-4668-BE54-9A1E7A4F7556}") = "DataAccess", "DataAccess\DataAccess.csproj", "{20B40B85-55EE-40AA-A45F-9A2B7F1A8F96}"
EndProject
Project("{9A19103F-16F7-4668-BE54-9A1E7A4F7556}") = "Repositories", "Repositories\Repositories.csproj", "{E1FE0FD1-BA2E-4D15-A9FF-45033CF4080D}"
EndProject
Global
	GlobalSection(SolutionConfigurationPlatforms) = preSolution
		Debug|Any CPU = Debug|Any CPU
		Release|Any CPU = Release|Any CPU
	EndGlobalSection
	GlobalSection(ProjectConfigurationPlatforms) = postSolution
		{7AFDAE8C-BDDF-4F90-BA69-571A3A5534F8}.Debug|Any CPU.ActiveCfg = Debug|Any CPU
		{7AFDAE8C-BDDF-4F90-BA69-571A3A5534F8}.Debug|Any CPU.Build.0 = Debug|Any CPU
		{7AFDAE8C-BDDF-4F90-BA69-571A3A5534F8}.Release|Any CPU.ActiveCfg = Release|Any CPU
		{7AFDAE8C-BDDF-4F90-BA69-571A3A5534F8}.Release|Any CPU.Build.0 = Release|Any CPU
		{7BE8413F-6153-41AC-8379-2E409C71EC67}.Debug|Any CPU.ActiveCfg = Debug|Any CPU
		{7BE8413F-6153-41AC-8379-2E409C71EC67}.Debug|Any CPU.Build.0 = Debug|Any CPU
		{7BE8413F-6153-41AC-8379-2E409C71EC67}.Release|Any CPU.ActiveCfg = Release|Any CPU
		{7BE8413F-6153-41AC-8379-2E409C71EC67}.Release|Any CPU.Build.0 = Release|Any CPU
		{8299CCA5-7D4F-4D27-BF00-CC2AC5DEB191}.Debug|Any CPU.ActiveCfg = Debug|Any CPU
		{8299CCA5-7D4F-4D27-BF00-CC2AC5DEB191}.Debug|Any CPU.Build.0 = Debug|Any CPU
		{8299CCA5-7D4F-4D27-BF00-CC2AC5DEB191}.Release|Any CPU.ActiveCfg = Release|Any CPU
		{8299CCA5-7D4F-4D27-BF00-CC2AC5DEB191}.Release|Any CPU.Build.0 = Release|Any CPU
		{20B40B85-55EE-40AA-A45F-9A2B7F1A8F96}.Debug|Any CPU.ActiveCfg = Debug|Any CPU
		{20B40B85-55EE-40AA-A45F-9A2B7F1A8F96}.Debug|Any CPU.Build.0 = Debug|Any CPU
		{20B40B85-55EE-40AA-A45F-9A2B7F1A8F96}.Release|Any CPU.ActiveCfg = Release|Any CPU
		{20B40B85-55EE-40AA-A45F-9A2B7F1A8F96}.Release|Any CPU.Build.0 = Release|Any CPU
		{E1FE0FD1-BA2E-4D15-A9FF-45033CF4080D}.Debug|Any CPU.ActiveCfg = Debug|Any CPU
		{E1FE0FD1-BA2E-4D15-A9FF-45033CF4080D}.Debug|Any CPU.Build.0 = Debug|Any CPU
		{E1FE0FD1-BA2E-4D15-A9FF-45033CF4080D}.Release|Any CPU.ActiveCfg = Release|Any CPU
		{E1FE0FD1-BA2E-4D15-A9FF-45033CF4080D}.Release|Any CPU.Build.0 = Release|Any CPU
	EndGlobalSection
	GlobalSection(SolutionProperties) = preSolution
		HideSolutionNode = FALSE
	EndGlobalSection
	GlobalSection(ExtensibilityGlobals) = postSolution
		SolutionGuid = {BE973368-E7E6-4F4B-A148-E919087CFB81}
	EndGlobalSection
EndGlobal
